<?xml version="1.0" encoding="utf-8"?>
<Project ToolsVersion="4.0" xmlns="http://schemas.microsoft.com/developer/msbuild/2003">
  <ItemGroup>
    <Filter Include="win32">
      <UniqueIdentifier>{84a8ebd7-7cf0-47f6-b75e-d441df67da40}</UniqueIdentifier>
    </Filter>
    <Filter Include="resource">
      <UniqueIdentifier>{715254bc-d70b-4ec5-bf29-467dd3ace079}</UniqueIdentifier>
    </Filter>
    <Filter Include="src">
      <UniqueIdentifier>{bb6c862e-70e9-49d9-81b7-3829a6f50471}</UniqueIdentifier>
    </Filter>
    <Filter Include="src\systems">
      <UniqueIdentifier>{a3bf4044-012f-40f9-8d72-6bfa97da3736}</UniqueIdentifier>
    </Filter>
    <Filter Include="src\scenes">
      <UniqueIdentifier>{7b2a83ed-52aa-4f70-bd1f-cc26316cab7c}</UniqueIdentifier>
    </Filter>
    <Filter Include="src\prefabs">
      <UniqueIdentifier>{d0169b9e-f2c0-4560-b0f3-dd8e1bdf94bd}</UniqueIdentifier>
    </Filter>
    <Filter Include="src\events">
      <UniqueIdentifier>{3b5dd7ee-9b76-4d86-9940-31edb42947ff}</UniqueIdentifier>
    </Filter>
    <Filter Include="src\components">
      <UniqueIdentifier>{cf86b941-9950-41a2-963d-2b37d29cb97a}</UniqueIdentifier>
    </Filter>
    <Filter Include="design-patterns-cpp14">
      <UniqueIdentifier>{13f3e08f-e5f2-43e4-9435-a2a2bea8839b}</UniqueIdentifier>
    </Filter>
    <Filter Include="entityx">
      <UniqueIdentifier>{25881c41-2f24-41ee-a6a3-2f9b3449742f}</UniqueIdentifier>
    </Filter>
    <Filter Include="nlohmann">
      <UniqueIdentifier>{798c0790-8ab9-4657-9c6f-6135a1320b73}</UniqueIdentifier>
    </Filter>
    <Filter Include="entityx\3rdparty">
      <UniqueIdentifier>{05f4dfae-9496-4a63-abe7-2afa285273bb}</UniqueIdentifier>
    </Filter>
    <Filter Include="entityx\deps">
      <UniqueIdentifier>{c25b8c99-69f4-4caf-b764-d1b86201b8ed}</UniqueIdentifier>
    </Filter>
    <Filter Include="entityx\help">
      <UniqueIdentifier>{3dc24ae5-3253-47de-b235-c76c30722dbc}</UniqueIdentifier>
    </Filter>
    <Filter Include="entityx\tags">
      <UniqueIdentifier>{48467c3c-85b7-44de-bdb4-20a58b037a71}</UniqueIdentifier>
    </Filter>
  </ItemGroup>
  <ItemGroup>
    <ClCompile Include="main.cpp">
      <Filter>win32</Filter>
    </ClCompile>
    <ClCompile Include="..\Classes\AppDelegate.cpp">
      <Filter>src</Filter>
    </ClCompile>
    <ClCompile Include="..\Classes\entityx\Entity.cc">
      <Filter>entityx</Filter>
    </ClCompile>
    <ClCompile Include="..\Classes\entityx\Event.cc">
      <Filter>entityx</Filter>
    </ClCompile>
    <ClCompile Include="..\Classes\entityx\System.cc">
      <Filter>entityx</Filter>
    </ClCompile>
    <ClCompile Include="..\Classes\entityx\help\Timer.cc">
      <Filter>entityx\help</Filter>
    </ClCompile>
    <ClCompile Include="..\Classes\entityx\help\Pool.cc">
      <Filter>entityx\help</Filter>
    </ClCompile>
    <ClCompile Include="..\Classes\Level01.cpp">
      <Filter>src</Filter>
    </ClCompile>
    <ClCompile Include="..\Classes\MainMenuScene.cpp">
      <Filter>src</Filter>
    </ClCompile>
  </ItemGroup>
  <ItemGroup>
    <ClInclude Include="main.h">
      <Filter>win32</Filter>
    </ClInclude>
    <ClInclude Include="..\Classes\AppDelegate.h">
      <Filter>src</Filter>
    </ClInclude>
    <ClInclude Include="..\Classes\design-patterns-cpp14\factory.h">
      <Filter>design-patterns-cpp14</Filter>
    </ClInclude>
    <ClInclude Include="..\Classes\design-patterns-cpp14\memoize.h">
      <Filter>design-patterns-cpp14</Filter>
    </ClInclude>
    <ClInclude Include="..\Classes\design-patterns-cpp14\common.h">
      <Filter>design-patterns-cpp14</Filter>
    </ClInclude>
    <ClInclude Include="..\Classes\entityx\Entity.h">
      <Filter>entityx</Filter>
    </ClInclude>
    <ClInclude Include="..\Classes\entityx\entityx.h">
      <Filter>entityx</Filter>
    </ClInclude>
    <ClInclude Include="..\Classes\entityx\Event.h">
      <Filter>entityx</Filter>
    </ClInclude>
    <ClInclude Include="..\Classes\entityx\quick.h">
      <Filter>entityx</Filter>
    </ClInclude>
    <ClInclude Include="..\Classes\entityx\System.h">
      <Filter>entityx</Filter>
    </ClInclude>
    <ClInclude Include="..\Classes\entityx\config.h">
      <Filter>entityx</Filter>
    </ClInclude>
    <ClInclude Include="..\Classes\entityx\3rdparty\simplesignal.h">
      <Filter>entityx\3rdparty</Filter>
    </ClInclude>
    <ClInclude Include="..\Classes\entityx\3rdparty\catch.hpp">
      <Filter>entityx\3rdparty</Filter>
    </ClInclude>
    <ClInclude Include="..\Classes\entityx\deps\Dependencies.h">
      <Filter>entityx\deps</Filter>
    </ClInclude>
    <ClInclude Include="..\Classes\entityx\help\Pool.h">
      <Filter>entityx\help</Filter>
    </ClInclude>
    <ClInclude Include="..\Classes\entityx\help\Timer.h">
      <Filter>entityx\help</Filter>
    </ClInclude>
    <ClInclude Include="..\Classes\entityx\help\NonCopyable.h">
      <Filter>entityx\help</Filter>
    </ClInclude>
    <ClInclude Include="..\Classes\entityx\tags\TagsComponent.h">
      <Filter>entityx\tags</Filter>
    </ClInclude>
    <ClInclude Include="..\Classes\nlohmann\json.hpp">
      <Filter>nlohmann</Filter>
    </ClInclude>
    <ClInclude Include="..\Classes\DetectInvasionSystem.h">
      <Filter>src</Filter>
    </ClInclude>
    <ClInclude Include="..\Classes\ExitGameCommand.h">
      <Filter>src</Filter>
    </ClInclude>
    <ClInclude Include="..\Classes\FireCommand.h">
      <Filter>src</Filter>
    </ClInclude>
    <ClInclude Include="..\Classes\GravityComponent.h">
      <Filter>src</Filter>
    </ClInclude>
    <ClInclude Include="..\Classes\GravitySystem.h">
      <Filter>src</Filter>
    </ClInclude>
    <ClInclude Include="..\Classes\InputKeyboard.h">
      <Filter>src</Filter>
    </ClInclude>
    <ClInclude Include="..\Classes\InsectComponent.h">
      <Filter>src</Filter>
    </ClInclude>
    <ClInclude Include="..\Classes\InsectDeadEvent.h">
      <Filter>src</Filter>
    </ClInclude>
    <ClInclude Include="..\Classes\InsectInvasionEvent.h">
      <Filter>src</Filter>
    </ClInclude>
    <ClInclude Include="..\Classes\IntrospectionComponent.h">
      <Filter>src</Filter>
    </ClInclude>
    <ClInclude Include="..\Classes\LeftCommand.h">
      <Filter>src</Filter>
    </ClInclude>
    <ClInclude Include="..\Classes\Level01.h">
      <Filter>src</Filter>
    </ClInclude>
    <ClInclude Include="..\Classes\LifeLostEvent.h">
      <Filter>src</Filter>
    </ClInclude>
    <ClInclude Include="..\Classes\MainMenuScene.h">
      <Filter>src</Filter>
    </ClInclude>
    <ClInclude Include="..\Classes\MouseMoveCommand.h">
      <Filter>src</Filter>
    </ClInclude>
    <ClInclude Include="..\Classes\MovementClouds.h">
      <Filter>src</Filter>
    </ClInclude>
    <ClInclude Include="..\Classes\PhysicsBoxComponent.h">
      <Filter>src</Filter>
    </ClInclude>
    <ClInclude Include="..\Classes\PhysicsBoxSystem.h">
      <Filter>src</Filter>
    </ClInclude>
    <ClInclude Include="..\Classes\PhysicsSystem.h">
      <Filter>src</Filter>
    </ClInclude>
    <ClInclude Include="..\Classes\ProjectilComponent.h">
      <Filter>src</Filter>
    </ClInclude>
    <ClInclude Include="..\Classes\RightCommand.h">
      <Filter>src</Filter>
    </ClInclude>
    <ClInclude Include="..\Classes\Sprite.h">
      <Filter>src</Filter>
    </ClInclude>
    <ClInclude Include="..\Classes\StartGame.h">
      <Filter>src</Filter>
    </ClInclude>
    <ClInclude Include="..\Classes\Transform.h">
      <Filter>src</Filter>
    </ClInclude>
    <ClInclude Include="..\Classes\utils.h">
      <Filter>src</Filter>
    </ClInclude>
    <ClInclude Include="..\Classes\AutoDestroy.h">
      <Filter>src</Filter>
    </ClInclude>
    <ClInclude Include="..\Classes\AutoDestroySystem.h">
      <Filter>src</Filter>
    </ClInclude>
    <ClInclude Include="..\Classes\BlackBoardSystem.h">
      <Filter>src</Filter>
    </ClInclude>
    <ClInclude Include="..\Classes\CharacterComponent.h">
      <Filter>src</Filter>
    </ClInclude>
    <ClInclude Include="..\Classes\CharacterSystem.h">
      <Filter>src</Filter>
    </ClInclude>
    <ClInclude Include="..\Classes\Cloud.h">
      <Filter>src</Filter>
    </ClInclude>
    <ClInclude Include="..\Classes\CountDownReset.h">
      <Filter>src</Filter>
    </ClInclude>
    <ClInclude Include="..\Classes\CountdownSystem.h">
      <Filter>src</Filter>
    </ClInclude>
    <ClInclude Include="..\Classes\DebugBar.h">
      <Filter>src</Filter>
    </ClInclude>
    <ClInclude Include="..\Classes\DebugPhysicsCommand.h">
      <Filter>src</Filter>
    </ClInclude>
    <ClInclude Include="..\Classes\DetectCollisionSystem.h">
      <Filter>src</Filter>
    </ClInclude>
    <ClInclude Include="..\Classes\DetectFloorImpactSystem.h">
      <Filter>src</Filter>
    </ClInclude>
  </ItemGroup>
  <ItemGroup>
    <ResourceCompile Include="game.rc">
      <Filter>resource</Filter>
    </ResourceCompile>
  </ItemGroup>
  <ItemGroup>
    <None Include="..\Classes\entityx\config.h.in">
      <Filter>entityx</Filter>
    </None>
  </ItemGroup>
</Project>